
Microsoft Visual Studio Solution File, Format Version 12.00
# Visual Studio Version 17
VisualStudioVersion = 17.9.34616.47
MinimumVisualStudioVersion = 10.0.40219.1
Project("{FAE04EC0-301F-11D3-BF4B-00C04F79EFBC}") = "TibiHouses", "TibiHouses\TibiHouses.csproj", "{05748F12-0F2C-4E4E-AEC3-EAE056431EE7}"
EndProject
Project("{FAE04EC0-301F-11D3-BF4B-00C04F79EFBC}") = "Services", "Services\Services.csproj", "{6641E123-E2E7-4E98-AB9C-B3BF341DCCEC}"
EndProject
Project("{FAE04EC0-301F-11D3-BF4B-00C04F79EFBC}") = "Models", "Models\Models.csproj", "{BAC06AD4-A496-4705-BA22-DC978449EF13}"
EndProject
Global
	GlobalSection(SolutionConfigurationPlatforms) = preSolution
		Debug|Any CPU = Debug|Any CPU
		Release|Any CPU = Release|Any CPU
	EndGlobalSection
	GlobalSection(ProjectConfigurationPlatforms) = postSolution
		{05748F12-0F2C-4E4E-AEC3-EAE056431EE7}.Debug|Any CPU.ActiveCfg = Debug|Any CPU
		{05748F12-0F2C-4E4E-AEC3-EAE056431EE7}.Debug|Any CPU.Build.0 = Debug|Any CPU
		{05748F12-0F2C-4E4E-AEC3-EAE056431EE7}.Release|Any CPU.ActiveCfg = Release|Any CPU
		{05748F12-0F2C-4E4E-AEC3-EAE056431EE7}.Release|Any CPU.Build.0 = Release|Any CPU
		{6641E123-E2E7-4E98-AB9C-B3BF341DCCEC}.Debug|Any CPU.ActiveCfg = Debug|Any CPU
		{6641E123-E2E7-4E98-AB9C-B3BF341DCCEC}.Debug|Any CPU.Build.0 = Debug|Any CPU
		{6641E123-E2E7-4E98-AB9C-B3BF341DCCEC}.Release|Any CPU.ActiveCfg = Release|Any CPU
		{6641E123-E2E7-4E98-AB9C-B3BF341DCCEC}.Release|Any CPU.Build.0 = Release|Any CPU
		{BAC06AD4-A496-4705-BA22-DC978449EF13}.Debug|Any CPU.ActiveCfg = Debug|Any CPU
		{BAC06AD4-A496-4705-BA22-DC978449EF13}.Debug|Any CPU.Build.0 = Debug|Any CPU
		{BAC06AD4-A496-4705-BA22-DC978449EF13}.Release|Any CPU.ActiveCfg = Release|Any CPU
		{BAC06AD4-A496-4705-BA22-DC978449EF13}.Release|Any CPU.Build.0 = Release|Any CPU
	EndGlobalSection
	GlobalSection(SolutionProperties) = preSolution
		HideSolutionNode = FALSE
	EndGlobalSection
	GlobalSection(ExtensibilityGlobals) = postSolution
		SolutionGuid = {18BAE2D7-68C5-4091-B545-7FF9B966718F}
	EndGlobalSection
EndGlobal
